set_global_assignment -name SEARCH_PATH "../../hw"
set_global_assignment -name MISC_FILE "../../hw/afu.json"
source ../../../intel-fpga-bbb/BBB_cci_mpf/hw/par/qsf_cci_mpf_PAR_files.qsf
set_global_assignment -name SYSTEMVERILOG_FILE "../../hw/memory_map.sv"
set_global_assignment -name SYSTEMVERILOG_FILE "../../hw/fifo.sv"
set_global_assignment -name SYSTEMVERILOG_FILE "../../hw/ro.sv"
set_global_assignment -name SYSTEMVERILOG_FILE "../../hw/cci_dma.sv"
set_global_assignment -name SYSTEMVERILOG_FILE "../../hw/afu.sv"
set_global_assignment -name SYSTEMVERILOG_FILE "../../hw/csr_mgr.sv"
set_global_assignment -name SYSTEMVERILOG_FILE "../../hw/hal.sv"
set_global_assignment -name SYSTEMVERILOG_FILE "../../hw/ccip_std_afu.sv"
source ../../hw/afu.qsf
